{
  "originHash" : "d29ebcfe051a87418f9f822407db8032de917a7d941146984aec47b3429722e0",
  "pins" : [
    {
      "identity" : "mediaremote",
      "kind" : "remoteSourceControl",
      "location" : "https://github.com/PrivateFrameworks/MediaRemote",
      "state" : {
        "revision" : "ee5ae0cc17c0f759049d50e6ea95e1cf718dfda5",
        "version" : "0.1.0"
      }
    },
    {
      "identity" : "mediaremote-adapter",
      "kind" : "localSourceControl",
      "location" : "/Users/hongjieh/Library/Mobile Documents/com~apple~CloudDocs/work/personal_projects/LosslessSwitcher-v3/Vendor/mediaremote-adapter.git",
      "state" : {
        "branch" : "master",
        "revision" : "a05b1ffa5e1071c295aa9f552a8fb1bf34ca261f"
      }
    },
    {
      "identity" : "protocolbuffer",
      "kind" : "remoteSourceControl",
      "location" : "https://github.com/PrivateFrameworks/ProtocolBuffer",
      "state" : {
        "revision" : "d4c569d9ce5e146e9185ebc056fdbaaf9784ec5d",
        "version" : "0.1.1"
      }
    },
    {
      "identity" : "simplycoreaudio",
      "kind" : "remoteSourceControl",
      "location" : "https://github.com/rnine/SimplyCoreAudio.git",
      "state" : {
        "branch" : "develop",
        "revision" : "b5430564b1d55adab3c331fb7574445a84bd4ceb"
      }
    },
    {
      "identity" : "sweep",
      "kind" : "remoteSourceControl",
      "location" : "https://github.com/JohnSundell/Sweep.git",
      "state" : {
        "revision" : "801c2878e4c6c5baf32fe132e1f3f3af6f9fd1b0",
        "version" : "0.4.0"
      }
    },
    {
      "identity" : "swift-atomics",
      "kind" : "remoteSourceControl",
      "location" : "https://github.com/apple/swift-atomics.git",
      "state" : {
        "revision" : "b601256eab081c0f92f059e12818ac1d4f178ff7",
        "version" : "1.3.0"
      }
    },
    {
      "identity" : "swift-collections",
      "kind" : "localSourceControl",
      "location" : "/Users/hongjieh/Library/Mobile Documents/com~apple~CloudDocs/work/personal_projects/LosslessSwitcher-v3/Vendor/swift-collections.git",
      "state" : {
        "revision" : "fc19753766c63bea61756e0a2843733803f03829",
        "version" : "1.3.0"
      }
    }
  ],
  "version" : 3
}
